// !$*UTF8*$!
{
	archiveVersion = 1;
	classes = {
	};
	objectVersion = 56;
	objects = {

/* Begin PBXBuildFile section */
		B26BC1CC2CCA36B900B26AB7 /* Core in Resources */ = {isa = PBXBuildFile; fileRef = B26BC1CB2CCA36B900B26AB7 /* Core */; };
		B26BC1CE2CCA36C400B26AB7 /* Models in Resources */ = {isa = PBXBuildFile; fileRef = B26BC1CD2CCA36C400B26AB7 /* Models */; };
		B26BC1D12CCA36DF00B26AB7 /* Library in Resources */ = {isa = PBXBuildFile; fileRef = B26BC1D02CCA36DF00B26AB7 /* Library */; };
		B26BC1D42CCA36F500B26AB7 /* NetworkLayer in Resources */ = {isa = PBXBuildFile; fileRef = B26BC1D32CCA36F500B26AB7 /* NetworkLayer */; };
		B26BC1D72CCA370C00B26AB7 /* Catalog in Resources */ = {isa = PBXBuildFile; fileRef = B26BC1D62CCA370C00B26AB7 /* Catalog */; };
		B26BC1D92CCA371700B26AB7 /* Catalog in Frameworks */ = {isa = PBXBuildFile; productRef = B26BC1D82CCA371700B26AB7 /* Catalog */; };
		B26BC1DB2CCA371700B26AB7 /* Core in Frameworks */ = {isa = PBXBuildFile; productRef = B26BC1DA2CCA371700B26AB7 /* Core */; };
		B26BC1DD2CCA371700B26AB7 /* Library in Frameworks */ = {isa = PBXBuildFile; productRef = B26BC1DC2CCA371700B26AB7 /* Library */; };
		B26BC1DF2CCA371700B26AB7 /* Models in Frameworks */ = {isa = PBXBuildFile; productRef = B26BC1DE2CCA371700B26AB7 /* Models */; };
		B26BC1E12CCA371700B26AB7 /* NetworkLayer in Frameworks */ = {isa = PBXBuildFile; productRef = B26BC1E02CCA371700B26AB7 /* NetworkLayer */; };
		B26BC1E42CCA8AC600B26AB7 /* Services in Resources */ = {isa = PBXBuildFile; fileRef = B26BC1E32CCA8AC600B26AB7 /* Services */; };
		B26BC1E62CCA8AD900B26AB7 /* Services in Frameworks */ = {isa = PBXBuildFile; productRef = B26BC1E52CCA8AD900B26AB7 /* Services */; };
		B26BC1EA2CCB86BE00B26AB7 /* Resources in Frameworks */ = {isa = PBXBuildFile; productRef = B26BC1E92CCB86BE00B26AB7 /* Resources */; };
		B277B5172CC9714F008A2511 /* CatalogApp.swift in Sources */ = {isa = PBXBuildFile; fileRef = B277B5162CC9714F008A2511 /* CatalogApp.swift */; };
		B277B5192CC9714F008A2511 /* ContentView.swift in Sources */ = {isa = PBXBuildFile; fileRef = B277B5182CC9714F008A2511 /* ContentView.swift */; };
		B277B51B2CC9714F008A2511 /* Assets.xcassets in Resources */ = {isa = PBXBuildFile; fileRef = B277B51A2CC9714F008A2511 /* Assets.xcassets */; };
		B277B51E2CC9714F008A2511 /* Preview Assets.xcassets in Resources */ = {isa = PBXBuildFile; fileRef = B277B51D2CC9714F008A2511 /* Preview Assets.xcassets */; };
/* End PBXBuildFile section */

/* Begin PBXFileReference section */
		B26BC1CB2CCA36B900B26AB7 /* Core */ = {isa = PBXFileReference; lastKnownFileType = wrapper; name = Core; path = Modules/Core/Core; sourceTree = "<group>"; };
		B26BC1CD2CCA36C400B26AB7 /* Models */ = {isa = PBXFileReference; lastKnownFileType = wrapper; name = Models; path = Modules/Core/Models; sourceTree = "<group>"; };
		B26BC1D02CCA36DF00B26AB7 /* Library */ = {isa = PBXFileReference; lastKnownFileType = wrapper; name = Library; path = Modules/Library; sourceTree = "<group>"; };
		B26BC1D32CCA36F500B26AB7 /* NetworkLayer */ = {isa = PBXFileReference; lastKnownFileType = wrapper; name = NetworkLayer; path = Modules/NetworkLayer; sourceTree = "<group>"; };
		B26BC1D62CCA370C00B26AB7 /* Catalog */ = {isa = PBXFileReference; lastKnownFileType = wrapper; name = Catalog; path = Modules/Flows/Catalog; sourceTree = "<group>"; };
		B26BC1E32CCA8AC600B26AB7 /* Services */ = {isa = PBXFileReference; lastKnownFileType = wrapper; name = Services; path = Modules/Services; sourceTree = "<group>"; };
		B26BC1E72CCB86AD00B26AB7 /* Resources */ = {isa = PBXFileReference; lastKnownFileType = wrapper; name = Resources; path = Modules/Core/Resources; sourceTree = "<group>"; };
		B277B5132CC9714F008A2511 /* catalog-app-ios.app */ = {isa = PBXFileReference; explicitFileType = wrapper.application; includeInIndex = 0; path = "catalog-app-ios.app"; sourceTree = BUILT_PRODUCTS_DIR; };
		B277B5162CC9714F008A2511 /* CatalogApp.swift */ = {isa = PBXFileReference; lastKnownFileType = sourcecode.swift; path = CatalogApp.swift; sourceTree = "<group>"; };
		B277B5182CC9714F008A2511 /* ContentView.swift */ = {isa = PBXFileReference; lastKnownFileType = sourcecode.swift; path = ContentView.swift; sourceTree = "<group>"; };
		B277B51A2CC9714F008A2511 /* Assets.xcassets */ = {isa = PBXFileReference; lastKnownFileType = folder.assetcatalog; path = Assets.xcassets; sourceTree = "<group>"; };
		B277B51D2CC9714F008A2511 /* Preview Assets.xcassets */ = {isa = PBXFileReference; lastKnownFileType = folder.assetcatalog; path = "Preview Assets.xcassets"; sourceTree = "<group>"; };
/* End PBXFileReference section */

/* Begin PBXFrameworksBuildPhase section */
		B277B5102CC9714F008A2511 /* Frameworks */ = {
			isa = PBXFrameworksBuildPhase;
			buildActionMask = 2147483647;
			files = (
				B26BC1E62CCA8AD900B26AB7 /* Services in Frameworks */,
				B26BC1DD2CCA371700B26AB7 /* Library in Frameworks */,
				B26BC1D92CCA371700B26AB7 /* Catalog in Frameworks */,
				B26BC1E12CCA371700B26AB7 /* NetworkLayer in Frameworks */,
				B26BC1DF2CCA371700B26AB7 /* Models in Frameworks */,
				B26BC1EA2CCB86BE00B26AB7 /* Resources in Frameworks */,
				B26BC1DB2CCA371700B26AB7 /* Core in Frameworks */,
			);
			runOnlyForDeploymentPostprocessing = 0;
		};
/* End PBXFrameworksBuildPhase section */

/* Begin PBXGroup section */
		B26BC1CA2CCA36A800B26AB7 /* Core */ = {
			isa = PBXGroup;
			children = (
				B26BC1CB2CCA36B900B26AB7 /* Core */,
				B26BC1CD2CCA36C400B26AB7 /* Models */,
				B26BC1E72CCB86AD00B26AB7 /* Resources */,
			);
			name = Core;
			sourceTree = "<group>";
		};
		B26BC1CF2CCA36D200B26AB7 /* Library */ = {
			isa = PBXGroup;
			children = (
				B26BC1D02CCA36DF00B26AB7 /* Library */,
			);
			name = Library;
			sourceTree = "<group>";
		};
		B26BC1D22CCA36E800B26AB7 /* NetworkLayer */ = {
			isa = PBXGroup;
			children = (
				B26BC1D32CCA36F500B26AB7 /* NetworkLayer */,
			);
			name = NetworkLayer;
			sourceTree = "<group>";
		};
		B26BC1D52CCA370100B26AB7 /* Flows */ = {
			isa = PBXGroup;
			children = (
				B26BC1D62CCA370C00B26AB7 /* Catalog */,
			);
			name = Flows;
			sourceTree = "<group>";
		};
		B26BC1E22CCA8AB700B26AB7 /* Services */ = {
			isa = PBXGroup;
			children = (
				B26BC1E32CCA8AC600B26AB7 /* Services */,
			);
			name = Services;
			sourceTree = "<group>";
		};
		B277B50A2CC9714F008A2511 = {
			isa = PBXGroup;
			children = (
				B277B5242CC97517008A2511 /* Packages */,
				B277B5152CC9714F008A2511 /* catalog-app-ios */,
				B277B5142CC9714F008A2511 /* Products */,
				B277B5272CC9788A008A2511 /* Frameworks */,
			);
			sourceTree = "<group>";
		};
		B277B5142CC9714F008A2511 /* Products */ = {
			isa = PBXGroup;
			children = (
				B277B5132CC9714F008A2511 /* catalog-app-ios.app */,
			);
			name = Products;
			sourceTree = "<group>";
		};
		B277B5152CC9714F008A2511 /* catalog-app-ios */ = {
			isa = PBXGroup;
			children = (
				B277B5162CC9714F008A2511 /* CatalogApp.swift */,
				B277B5182CC9714F008A2511 /* ContentView.swift */,
				B277B51A2CC9714F008A2511 /* Assets.xcassets */,
				B277B51C2CC9714F008A2511 /* Preview Content */,
			);
			path = "catalog-app-ios";
			sourceTree = "<group>";
		};
		B277B51C2CC9714F008A2511 /* Preview Content */ = {
			isa = PBXGroup;
			children = (
				B277B51D2CC9714F008A2511 /* Preview Assets.xcassets */,
			);
			path = "Preview Content";
			sourceTree = "<group>";
		};
		B277B5242CC97517008A2511 /* Packages */ = {
			isa = PBXGroup;
			children = (
				B26BC1CA2CCA36A800B26AB7 /* Core */,
				B26BC1D52CCA370100B26AB7 /* Flows */,
				B26BC1CF2CCA36D200B26AB7 /* Library */,
				B26BC1D22CCA36E800B26AB7 /* NetworkLayer */,
				B26BC1E22CCA8AB700B26AB7 /* Services */,
			);
			name = Packages;
			sourceTree = "<group>";
		};
		B277B5272CC9788A008A2511 /* Frameworks */ = {
			isa = PBXGroup;
			children = (
			);
			name = Frameworks;
			sourceTree = "<group>";
		};
/* End PBXGroup section */

/* Begin PBXNativeTarget section */
		B277B5122CC9714F008A2511 /* catalog-app-ios */ = {
			isa = PBXNativeTarget;
			buildConfigurationList = B277B5212CC9714F008A2511 /* Build configuration list for PBXNativeTarget "catalog-app-ios" */;
			buildPhases = (
				B277B50F2CC9714F008A2511 /* Sources */,
				B277B5102CC9714F008A2511 /* Frameworks */,
				B277B5112CC9714F008A2511 /* Resources */,
			);
			buildRules = (
			);
			dependencies = (
			);
			name = "catalog-app-ios";
			packageProductDependencies = (
				B26BC1D82CCA371700B26AB7 /* Catalog */,
				B26BC1DA2CCA371700B26AB7 /* Core */,
				B26BC1DC2CCA371700B26AB7 /* Library */,
				B26BC1DE2CCA371700B26AB7 /* Models */,
				B26BC1E02CCA371700B26AB7 /* NetworkLayer */,
				B26BC1E52CCA8AD900B26AB7 /* Services */,
				B26BC1E92CCB86BE00B26AB7 /* Resources */,
			);
			productName = "catalog-app-ios";
			productReference = B277B5132CC9714F008A2511 /* catalog-app-ios.app */;
			productType = "com.apple.product-type.application";
		};
/* End PBXNativeTarget section */

/* Begin PBXProject section */
		B277B50B2CC9714F008A2511 /* Project object */ = {
			isa = PBXProject;
			attributes = {
				BuildIndependentTargetsInParallel = 1;
				LastSwiftUpdateCheck = 1540;
				LastUpgradeCheck = 1540;
				TargetAttributes = {
					B277B5122CC9714F008A2511 = {
						CreatedOnToolsVersion = 15.4;
					};
				};
			};
			buildConfigurationList = B277B50E2CC9714F008A2511 /* Build configuration list for PBXProject "catalog-app-ios" */;
			compatibilityVersion = "Xcode 14.0";
			developmentRegion = en;
			hasScannedForEncodings = 0;
			knownRegions = (
				en,
				Base,
			);
			mainGroup = B277B50A2CC9714F008A2511;
			productRefGroup = B277B5142CC9714F008A2511 /* Products */;
			projectDirPath = "";
			projectRoot = "";
			targets = (
				B277B5122CC9714F008A2511 /* catalog-app-ios */,
			);
		};
/* End PBXProject section */

/* Begin PBXResourcesBuildPhase section */
		B277B5112CC9714F008A2511 /* Resources */ = {
			isa = PBXResourcesBuildPhase;
			buildActionMask = 2147483647;
			files = (
				B277B51E2CC9714F008A2511 /* Preview Assets.xcassets in Resources */,
				B277B51B2CC9714F008A2511 /* Assets.xcassets in Resources */,
				B26BC1CE2CCA36C400B26AB7 /* Models in Resources */,
				B26BC1D72CCA370C00B26AB7 /* Catalog in Resources */,
				B26BC1E42CCA8AC600B26AB7 /* Services in Resources */,
				B26BC1D42CCA36F500B26AB7 /* NetworkLayer in Resources */,
				B26BC1CC2CCA36B900B26AB7 /* Core in Resources */,
				B26BC1D12CCA36DF00B26AB7 /* Library in Resources */,
			);
			runOnlyForDeploymentPostprocessing = 0;
		};
/* End PBXResourcesBuildPhase section */

/* Begin PBXSourcesBuildPhase section */
		B277B50F2CC9714F008A2511 /* Sources */ = {
			isa = PBXSourcesBuildPhase;
			buildActionMask = 2147483647;
			files = (
				B277B5192CC9714F008A2511 /* ContentView.swift in Sources */,
				B277B5172CC9714F008A2511 /* CatalogApp.swift in Sources */,
			);
			runOnlyForDeploymentPostprocessing = 0;
		};
/* End PBXSourcesBuildPhase section */

/* Begin XCBuildConfiguration section */
		B277B51F2CC9714F008A2511 /* Debug */ = {
			isa = XCBuildConfiguration;
			buildSettings = {
				ALWAYS_SEARCH_USER_PATHS = NO;
				ASSETCATALOG_COMPILER_GENERATE_SWIFT_ASSET_SYMBOL_EXTENSIONS = YES;
				CLANG_ANALYZER_NONNULL = YES;
				CLANG_ANALYZER_NUMBER_OBJECT_CONVERSION = YES_AGGRESSIVE;
				CLANG_CXX_LANGUAGE_STANDARD = "gnu++20";
				CLANG_ENABLE_MODULES = YES;
				CLANG_ENABLE_OBJC_ARC = YES;
				CLANG_ENABLE_OBJC_WEAK = YES;
				CLANG_WARN_BLOCK_CAPTURE_AUTORELEASING = YES;
				CLANG_WARN_BOOL_CONVERSION = YES;
				CLANG_WARN_COMMA = YES;
				CLANG_WARN_CONSTANT_CONVERSION = YES;
				CLANG_WARN_DEPRECATED_OBJC_IMPLEMENTATIONS = YES;
				CLANG_WARN_DIRECT_OBJC_ISA_USAGE = YES_ERROR;
				CLANG_WARN_DOCUMENTATION_COMMENTS = YES;
				CLANG_WARN_EMPTY_BODY = YES;
				CLANG_WARN_ENUM_CONVERSION = YES;
				CLANG_WARN_INFINITE_RECURSION = YES;
				CLANG_WARN_INT_CONVERSION = YES;
				CLANG_WARN_NON_LITERAL_NULL_CONVERSION = YES;
				CLANG_WARN_OBJC_IMPLICIT_RETAIN_SELF = YES;
				CLANG_WARN_OBJC_LITERAL_CONVERSION = YES;
				CLANG_WARN_OBJC_ROOT_CLASS = YES_ERROR;
				CLANG_WARN_QUOTED_INCLUDE_IN_FRAMEWORK_HEADER = YES;
				CLANG_WARN_RANGE_LOOP_ANALYSIS = YES;
				CLANG_WARN_STRICT_PROTOTYPES = YES;
				CLANG_WARN_SUSPICIOUS_MOVE = YES;
				CLANG_WARN_UNGUARDED_AVAILABILITY = YES_AGGRESSIVE;
				CLANG_WARN_UNREACHABLE_CODE = YES;
				CLANG_WARN__DUPLICATE_METHOD_MATCH = YES;
				COPY_PHASE_STRIP = NO;
				DEBUG_INFORMATION_FORMAT = dwarf;
				ENABLE_STRICT_OBJC_MSGSEND = YES;
				ENABLE_TESTABILITY = YES;
				ENABLE_USER_SCRIPT_SANDBOXING = YES;
				GCC_C_LANGUAGE_STANDARD = gnu17;
				GCC_DYNAMIC_NO_PIC = NO;
				GCC_NO_COMMON_BLOCKS = YES;
				GCC_OPTIMIZATION_LEVEL = 0;
				GCC_PREPROCESSOR_DEFINITIONS = (
					"DEBUG=1",
					"$(inherited)",
				);
				GCC_WARN_64_TO_32_BIT_CONVERSION = YES;
				GCC_WARN_ABOUT_RETURN_TYPE = YES_ERROR;
				GCC_WARN_UNDECLARED_SELECTOR = YES;
				GCC_WARN_UNINITIALIZED_AUTOS = YES_AGGRESSIVE;
				GCC_WARN_UNUSED_FUNCTION = YES;
				GCC_WARN_UNUSED_VARIABLE = YES;
				IPHONEOS_DEPLOYMENT_TARGET = 16.0;
				LOCALIZATION_PREFERS_STRING_CATALOGS = YES;
				MTL_ENABLE_DEBUG_INFO = INCLUDE_SOURCE;
				MTL_FAST_MATH = YES;
				ONLY_ACTIVE_ARCH = YES;
				SDKROOT = iphoneos;
				SWIFT_ACTIVE_COMPILATION_CONDITIONS = "DEBUG $(inherited)";
				SWIFT_OPTIMIZATION_LEVEL = "-Onone";
			};
			name = Debug;
		};
		B277B5202CC9714F008A2511 /* Release */ = {
			isa = XCBuildConfiguration;
			buildSettings = {
				ALWAYS_SEARCH_USER_PATHS = NO;
				ASSETCATALOG_COMPILER_GENERATE_SWIFT_ASSET_SYMBOL_EXTENSIONS = YES;
				CLANG_ANALYZER_NONNULL = YES;
				CLANG_ANALYZER_NUMBER_OBJECT_CONVERSION = YES_AGGRESSIVE;
				CLANG_CXX_LANGUAGE_STANDARD = "gnu++20";
				CLANG_ENABLE_MODULES = YES;
				CLANG_ENABLE_OBJC_ARC = YES;
				CLANG_ENABLE_OBJC_WEAK = YES;
				CLANG_WARN_BLOCK_CAPTURE_AUTORELEASING = YES;
				CLANG_WARN_BOOL_CONVERSION = YES;
				CLANG_WARN_COMMA = YES;
				CLANG_WARN_CONSTANT_CONVERSION = YES;
				CLANG_WARN_DEPRECATED_OBJC_IMPLEMENTATIONS = YES;
				CLANG_WARN_DIRECT_OBJC_ISA_USAGE = YES_ERROR;
				CLANG_WARN_DOCUMENTATION_COMMENTS = YES;
				CLANG_WARN_EMPTY_BODY = YES;
				CLANG_WARN_ENUM_CONVERSION = YES;
				CLANG_WARN_INFINITE_RECURSION = YES;
				CLANG_WARN_INT_CONVERSION = YES;
				CLANG_WARN_NON_LITERAL_NULL_CONVERSION = YES;
				CLANG_WARN_OBJC_IMPLICIT_RETAIN_SELF = YES;
				CLANG_WARN_OBJC_LITERAL_CONVERSION = YES;
				CLANG_WARN_OBJC_ROOT_CLASS = YES_ERROR;
				CLANG_WARN_QUOTED_INCLUDE_IN_FRAMEWORK_HEADER = YES;
				CLANG_WARN_RANGE_LOOP_ANALYSIS = YES;
				CLANG_WARN_STRICT_PROTOTYPES = YES;
				CLANG_WARN_SUSPICIOUS_MOVE = YES;
				CLANG_WARN_UNGUARDED_AVAILABILITY = YES_AGGRESSIVE;
				CLANG_WARN_UNREACHABLE_CODE = YES;
				CLANG_WARN__DUPLICATE_METHOD_MATCH = YES;
				COPY_PHASE_STRIP = NO;
				DEBUG_INFORMATION_FORMAT = "dwarf-with-dsym";
				ENABLE_NS_ASSERTIONS = NO;
				ENABLE_STRICT_OBJC_MSGSEND = YES;
				ENABLE_USER_SCRIPT_SANDBOXING = YES;
				GCC_C_LANGUAGE_STANDARD = gnu17;
				GCC_NO_COMMON_BLOCKS = YES;
				GCC_WARN_64_TO_32_BIT_CONVERSION = YES;
				GCC_WARN_ABOUT_RETURN_TYPE = YES_ERROR;
				GCC_WARN_UNDECLARED_SELECTOR = YES;
				GCC_WARN_UNINITIALIZED_AUTOS = YES_AGGRESSIVE;
				GCC_WARN_UNUSED_FUNCTION = YES;
				GCC_WARN_UNUSED_VARIABLE = YES;
				IPHONEOS_DEPLOYMENT_TARGET = 16.0;
				LOCALIZATION_PREFERS_STRING_CATALOGS = YES;
				MTL_ENABLE_DEBUG_INFO = NO;
				MTL_FAST_MATH = YES;
				SDKROOT = iphoneos;
				SWIFT_COMPILATION_MODE = wholemodule;
				VALIDATE_PRODUCT = YES;
			};
			name = Release;
		};
		B277B5222CC9714F008A2511 /* Debug */ = {
			isa = XCBuildConfiguration;
			buildSettings = {
				ASSETCATALOG_COMPILER_APPICON_NAME = AppIcon;
				ASSETCATALOG_COMPILER_GLOBAL_ACCENT_COLOR_NAME = AccentColor;
				CODE_SIGN_STYLE = Automatic;
				CURRENT_PROJECT_VERSION = 1;
				DEVELOPMENT_ASSET_PATHS = "\"catalog-app-ios/Preview Content\"";
				DEVELOPMENT_TEAM = 32S27NX85C;
				ENABLE_PREVIEWS = YES;
				GENERATE_INFOPLIST_FILE = YES;
				INFOPLIST_KEY_CFBundleDisplayName = "Catalog App";
				INFOPLIST_KEY_LSApplicationCategoryType = "public.app-category.shopping";
				INFOPLIST_KEY_UIApplicationSceneManifest_Generation = YES;
				INFOPLIST_KEY_UIApplicationSupportsIndirectInputEvents = YES;
				INFOPLIST_KEY_UILaunchScreen_Generation = YES;
				INFOPLIST_KEY_UISupportedInterfaceOrientations = UIInterfaceOrientationPortrait;
				INFOPLIST_KEY_UISupportedInterfaceOrientations_iPad = "UIInterfaceOrientationLandscapeLeft UIInterfaceOrientationLandscapeRight UIInterfaceOrientationPortrait UIInterfaceOrientationPortraitUpsideDown";
				IPHONEOS_DEPLOYMENT_TARGET = 16.0;
				LD_RUNPATH_SEARCH_PATHS = (
					"$(inherited)",
					"@executable_path/Frameworks",
				);
				MARKETING_VERSION = 1.0;
				PRODUCT_BUNDLE_IDENTIFIER = "catalogApp.catalog-app-ios";
				PRODUCT_NAME = "$(TARGET_NAME)";
				SUPPORTED_PLATFORMS = "iphoneos iphonesimulator";
				SUPPORTS_MACCATALYST = NO;
				SUPPORTS_MAC_DESIGNED_FOR_IPHONE_IPAD = NO;
				SUPPORTS_XR_DESIGNED_FOR_IPHONE_IPAD = NO;
				SWIFT_EMIT_LOC_STRINGS = YES;
				SWIFT_VERSION = 5.0;
				TARGETED_DEVICE_FAMILY = 1;
			};
			name = Debug;
		};
		B277B5232CC9714F008A2511 /* Release */ = {
			isa = XCBuildConfiguration;
			buildSettings = {
				ASSETCATALOG_COMPILER_APPICON_NAME = AppIcon;
				ASSETCATALOG_COMPILER_GLOBAL_ACCENT_COLOR_NAME = AccentColor;
				CODE_SIGN_STYLE = Automatic;
				CURRENT_PROJECT_VERSION = 1;
				DEVELOPMENT_ASSET_PATHS = "\"catalog-app-ios/Preview Content\"";
				DEVELOPMENT_TEAM = 32S27NX85C;
				ENABLE_PREVIEWS = YES;
				GENERATE_INFOPLIST_FILE = YES;
				INFOPLIST_KEY_CFBundleDisplayName = "Catalog App";
				INFOPLIST_KEY_LSApplicationCategoryType = "public.app-category.shopping";
				INFOPLIST_KEY_UIApplicationSceneManifest_Generation = YES;
				INFOPLIST_KEY_UIApplicationSupportsIndirectInputEvents = YES;
				INFOPLIST_KEY_UILaunchScreen_Generation = YES;
				INFOPLIST_KEY_UISupportedInterfaceOrientations = UIInterfaceOrientationPortrait;
				INFOPLIST_KEY_UISupportedInterfaceOrientations_iPad = "UIInterfaceOrientationLandscapeLeft UIInterfaceOrientationLandscapeRight UIInterfaceOrientationPortrait UIInterfaceOrientationPortraitUpsideDown";
				IPHONEOS_DEPLOYMENT_TARGET = 16.0;
				LD_RUNPATH_SEARCH_PATHS = (
					"$(inherited)",
					"@executable_path/Frameworks",
				);
				MARKETING_VERSION = 1.0;
				PRODUCT_BUNDLE_IDENTIFIER = "catalogApp.catalog-app-ios";
				PRODUCT_NAME = "$(TARGET_NAME)";
				SUPPORTED_PLATFORMS = "iphoneos iphonesimulator";
				SUPPORTS_MACCATALYST = NO;
				SUPPORTS_MAC_DESIGNED_FOR_IPHONE_IPAD = NO;
				SUPPORTS_XR_DESIGNED_FOR_IPHONE_IPAD = NO;
				SWIFT_EMIT_LOC_STRINGS = YES;
				SWIFT_VERSION = 5.0;
				TARGETED_DEVICE_FAMILY = 1;
			};
			name = Release;
		};
/* End XCBuildConfiguration section */

/* Begin XCConfigurationList section */
		B277B50E2CC9714F008A2511 /* Build configuration list for PBXProject "catalog-app-ios" */ = {
			isa = XCConfigurationList;
			buildConfigurations = (
				B277B51F2CC9714F008A2511 /* Debug */,
				B277B5202CC9714F008A2511 /* Release */,
			);
			defaultConfigurationIsVisible = 0;
			defaultConfigurationName = Release;
		};
		B277B5212CC9714F008A2511 /* Build configuration list for PBXNativeTarget "catalog-app-ios" */ = {
			isa = XCConfigurationList;
			buildConfigurations = (
				B277B5222CC9714F008A2511 /* Debug */,
				B277B5232CC9714F008A2511 /* Release */,
			);
			defaultConfigurationIsVisible = 0;
			defaultConfigurationName = Release;
		};
/* End XCConfigurationList section */

/* Begin XCSwiftPackageProductDependency section */
		B26BC1D82CCA371700B26AB7 /* Catalog */ = {
			isa = XCSwiftPackageProductDependency;
			productName = Catalog;
		};
		B26BC1DA2CCA371700B26AB7 /* Core */ = {
			isa = XCSwiftPackageProductDependency;
			productName = Core;
		};
		B26BC1DC2CCA371700B26AB7 /* Library */ = {
			isa = XCSwiftPackageProductDependency;
			productName = Library;
		};
		B26BC1DE2CCA371700B26AB7 /* Models */ = {
			isa = XCSwiftPackageProductDependency;
			productName = Models;
		};
		B26BC1E02CCA371700B26AB7 /* NetworkLayer */ = {
			isa = XCSwiftPackageProductDependency;
			productName = NetworkLayer;
		};
		B26BC1E52CCA8AD900B26AB7 /* Services */ = {
			isa = XCSwiftPackageProductDependency;
			productName = Services;
		};
		B26BC1E92CCB86BE00B26AB7 /* Resources */ = {
			isa = XCSwiftPackageProductDependency;
			productName = Resources;
		};
/* End XCSwiftPackageProductDependency section */
	};
	rootObject = B277B50B2CC9714F008A2511 /* Project object */;
}
